
Microsoft Visual Studio Solution File, Format Version 12.00
# Visual Studio Version 16
VisualStudioVersion = 16.0.809.9
MinimumVisualStudioVersion = 10.0.40219.1
Project("{FAE04EC0-301F-11D3-BF4B-00C04F79EFBC}") = "Common.Frontend", "Frontend\Common.Frontend.csproj", "{ADEF873F-D927-4C44-9743-3E0994293946}"
EndProject
Project("{FAE04EC0-301F-11D3-BF4B-00C04F79EFBC}") = "Common.Application", "Application\Common.Application.csproj", "{AD895A53-3929-40F5-8FAE-D63381313944}"
EndProject
Project("{FAE04EC0-301F-11D3-BF4B-00C04F79EFBC}") = "Common.Backend", "Backend\Common.Backend.csproj", "{52146E52-BB92-4190-9B2C-49C67C095580}"
EndProject
Global
	GlobalSection(SolutionConfigurationPlatforms) = preSolution
		Debug|anycpu = Debug|anycpu
		Release|anycpu = Release|anycpu
	EndGlobalSection
	GlobalSection(ProjectConfigurationPlatforms) = postSolution
		{ADEF873F-D927-4C44-9743-3E0994293946}.Debug|anycpu.ActiveCfg = Debug|Any CPU
		{ADEF873F-D927-4C44-9743-3E0994293946}.Debug|anycpu.Build.0 = Debug|Any CPU
		{ADEF873F-D927-4C44-9743-3E0994293946}.Release|anycpu.ActiveCfg = Release|Any CPU
		{ADEF873F-D927-4C44-9743-3E0994293946}.Release|anycpu.Build.0 = Release|Any CPU
		{AD895A53-3929-40F5-8FAE-D63381313944}.Debug|anycpu.ActiveCfg = Debug|Any CPU
		{AD895A53-3929-40F5-8FAE-D63381313944}.Debug|anycpu.Build.0 = Debug|Any CPU
		{AD895A53-3929-40F5-8FAE-D63381313944}.Release|anycpu.ActiveCfg = Release|Any CPU
		{AD895A53-3929-40F5-8FAE-D63381313944}.Release|anycpu.Build.0 = Release|Any CPU
		{52146E52-BB92-4190-9B2C-49C67C095580}.Debug|anycpu.ActiveCfg = Debug|Any CPU
		{52146E52-BB92-4190-9B2C-49C67C095580}.Debug|anycpu.Build.0 = Debug|Any CPU
		{52146E52-BB92-4190-9B2C-49C67C095580}.Release|anycpu.ActiveCfg = Release|Any CPU
		{52146E52-BB92-4190-9B2C-49C67C095580}.Release|anycpu.Build.0 = Release|Any CPU
	EndGlobalSection
	GlobalSection(SolutionProperties) = preSolution
		HideSolutionNode = FALSE
	EndGlobalSection
	GlobalSection(ExtensibilityGlobals) = postSolution
		SolutionGuid = {FFAB2ACD-C016-4809-87D7-160CCEB93F76}
	EndGlobalSection
EndGlobal
